
Microsoft Visual Studio Solution File, Format Version 12.00
# Visual Studio Version 17
VisualStudioVersion = 17.11.35312.102
MinimumVisualStudioVersion = 10.0.40219.1
Project("{FAE04EC0-301F-11D3-BF4B-00C04F79EFBC}") = "DeputyRyansPursuitCallouts", "DeputyRyansPursuitCallouts.csproj", "{AFECC424-865F-4380-9D2A-BF55FAA3C4C0}"
EndProject
Global
	GlobalSection(SolutionConfigurationPlatforms) = preSolution
		Debug|Any CPU = Debug|Any CPU
		Debug|x64 = Debug|x64
		Release|Any CPU = Release|Any CPU
		Release|x64 = Release|x64
	EndGlobalSection
	GlobalSection(ProjectConfigurationPlatforms) = postSolution
		{AFECC424-865F-4380-9D2A-BF55FAA3C4C0}.Debug|Any CPU.ActiveCfg = Debug|Any CPU
		{AFECC424-865F-4380-9D2A-BF55FAA3C4C0}.Debug|Any CPU.Build.0 = Debug|Any CPU
		{AFECC424-865F-4380-9D2A-BF55FAA3C4C0}.Debug|x64.ActiveCfg = Debug|x64
		{AFECC424-865F-4380-9D2A-BF55FAA3C4C0}.Debug|x64.Build.0 = Debug|x64
		{AFECC424-865F-4380-9D2A-BF55FAA3C4C0}.Release|Any CPU.ActiveCfg = Release|Any CPU
		{AFECC424-865F-4380-9D2A-BF55FAA3C4C0}.Release|Any CPU.Build.0 = Release|Any CPU
		{AFECC424-865F-4380-9D2A-BF55FAA3C4C0}.Release|x64.ActiveCfg = Release|x64
		{AFECC424-865F-4380-9D2A-BF55FAA3C4C0}.Release|x64.Build.0 = Release|x64
	EndGlobalSection
	GlobalSection(SolutionProperties) = preSolution
		HideSolutionNode = FALSE
	EndGlobalSection
	GlobalSection(ExtensibilityGlobals) = postSolution
		SolutionGuid = {93BC490F-3B55-4CB7-AECB-910DBEB7D56B}
	EndGlobalSection
EndGlobal
